
Microsoft Visual Studio Solution File, Format Version 12.00
# Visual Studio 2012
Project("{FAE04EC0-301F-11D3-BF4B-00C04F79EFBC}") = "DataBinding", "DataBinding\DataBinding.csproj", "{77B3F6DC-34D9-44AF-9B18-A2A57521B340}"
EndProject
Global
	GlobalSection(SolutionConfigurationPlatforms) = preSolution
		Debug|Any CPU = Debug|Any CPU
		Release|Any CPU = Release|Any CPU
	EndGlobalSection
	GlobalSection(ProjectConfigurationPlatforms) = postSolution
		{77B3F6DC-34D9-44AF-9B18-A2A57521B340}.Debug|Any CPU.ActiveCfg = Debug|Any CPU
		{77B3F6DC-34D9-44AF-9B18-A2A57521B340}.Debug|Any CPU.Build.0 = Debug|Any CPU
		{77B3F6DC-34D9-44AF-9B18-A2A57521B340}.Release|Any CPU.ActiveCfg = Release|Any CPU
		{77B3F6DC-34D9-44AF-9B18-A2A57521B340}.Release|Any CPU.Build.0 = Release|Any CPU
	EndGlobalSection
	GlobalSection(SolutionProperties) = preSolution
		HideSolutionNode = FALSE
	EndGlobalSection
EndGlobal
