
Microsoft Visual Studio Solution File, Format Version 12.00
# Visual Studio 2012
Project("{FAE04EC0-301F-11D3-BF4B-00C04F79EFBC}") = "TDLService", "TDLService\TDLService.csproj", "{81CF4AE4-8291-430A-81CA-56087422D960}"
EndProject
Project("{FAE04EC0-301F-11D3-BF4B-00C04F79EFBC}") = "Tests", "Tests\Tests.csproj", "{A3D7D5D1-0DC7-4957-93E8-40BE6D141694}"
EndProject
Global
	GlobalSection(SolutionConfigurationPlatforms) = preSolution
		Debug|Any CPU = Debug|Any CPU
		Release|Any CPU = Release|Any CPU
	EndGlobalSection
	GlobalSection(ProjectConfigurationPlatforms) = postSolution
		{81CF4AE4-8291-430A-81CA-56087422D960}.Debug|Any CPU.ActiveCfg = Debug|Any CPU
		{81CF4AE4-8291-430A-81CA-56087422D960}.Debug|Any CPU.Build.0 = Debug|Any CPU
		{81CF4AE4-8291-430A-81CA-56087422D960}.Release|Any CPU.ActiveCfg = Release|Any CPU
		{81CF4AE4-8291-430A-81CA-56087422D960}.Release|Any CPU.Build.0 = Release|Any CPU
		{A3D7D5D1-0DC7-4957-93E8-40BE6D141694}.Debug|Any CPU.ActiveCfg = Debug|Any CPU
		{A3D7D5D1-0DC7-4957-93E8-40BE6D141694}.Debug|Any CPU.Build.0 = Debug|Any CPU
		{A3D7D5D1-0DC7-4957-93E8-40BE6D141694}.Release|Any CPU.ActiveCfg = Release|Any CPU
		{A3D7D5D1-0DC7-4957-93E8-40BE6D141694}.Release|Any CPU.Build.0 = Release|Any CPU
	EndGlobalSection
	GlobalSection(SolutionProperties) = preSolution
		HideSolutionNode = FALSE
	EndGlobalSection
EndGlobal
