
Microsoft Visual Studio Solution File, Format Version 12.00
# Visual Studio 2012
Project("{FAE04EC0-301F-11D3-BF4B-00C04F79EFBC}") = "GridSplitterDemo", "GridSplitterDemo\GridSplitterDemo.csproj", "{96F12358-0FB7-4484-9885-71A38E82531D}"
EndProject
Global
	GlobalSection(SolutionConfigurationPlatforms) = preSolution
		Debug|Any CPU = Debug|Any CPU
		Release|Any CPU = Release|Any CPU
	EndGlobalSection
	GlobalSection(ProjectConfigurationPlatforms) = postSolution
		{96F12358-0FB7-4484-9885-71A38E82531D}.Debug|Any CPU.ActiveCfg = Debug|Any CPU
		{96F12358-0FB7-4484-9885-71A38E82531D}.Debug|Any CPU.Build.0 = Debug|Any CPU
		{96F12358-0FB7-4484-9885-71A38E82531D}.Release|Any CPU.ActiveCfg = Release|Any CPU
		{96F12358-0FB7-4484-9885-71A38E82531D}.Release|Any CPU.Build.0 = Release|Any CPU
	EndGlobalSection
	GlobalSection(SolutionProperties) = preSolution
		HideSolutionNode = FALSE
	EndGlobalSection
EndGlobal
